<?xml version="1.0" encoding="utf-8"?>
<Project ToolsVersion="4.0" xmlns="http://schemas.microsoft.com/developer/msbuild/2003">
  <ItemGroup>
    <Filter Include="소스 파일">
      <UniqueIdentifier>{4FC737F1-C7A5-4376-A066-2A32D752A2FF}</UniqueIdentifier>
      <Extensions>cpp;c;cc;cxx;def;odl;idl;hpj;bat;asm;asmx</Extensions>
    </Filter>
    <Filter Include="헤더 파일">
      <UniqueIdentifier>{93995380-89BD-4b04-88EB-625FBE52EBFB}</UniqueIdentifier>
      <Extensions>h;hh;hpp;hxx;hm;inl;inc;xsd</Extensions>
    </Filter>
    <Filter Include="리소스 파일">
      <UniqueIdentifier>{67DA6AB6-F800-4c08-8B7A-83BB121AAD01}</UniqueIdentifier>
      <Extensions>rc;ico;cur;bmp;dlg;rc2;rct;bin;rgs;gif;jpg;jpeg;jpe;resx;tiff;tif;png;wav;mfcribbon-ms</Extensions>
    </Filter>
  </ItemGroup>
  <ItemGroup>
    <ClCompile Include="BJ_1003.cpp">
      <Filter>소스 파일</Filter>
    </ClCompile>
    <ClCompile Include="BJ_1149.cpp">
      <Filter>소스 파일</Filter>
    </ClCompile>
    <ClCompile Include="BJ_9012.cpp">
      <Filter>소스 파일</Filter>
    </ClCompile>
    <ClCompile Include="BJ_10026.cpp">
      <Filter>소스 파일</Filter>
    </ClCompile>
    <ClCompile Include="BJ_10828.cpp">
      <Filter>소스 파일</Filter>
    </ClCompile>
    <ClCompile Include="BJ_10845.cpp">
      <Filter>소스 파일</Filter>
    </ClCompile>
    <ClCompile Include="BJ_1966.cpp">
      <Filter>소스 파일</Filter>
    </ClCompile>
    <ClCompile Include="BJ_10866.cpp">
      <Filter>소스 파일</Filter>
    </ClCompile>
    <ClCompile Include="BJ_1100.cpp">
      <Filter>소스 파일</Filter>
    </ClCompile>
    <ClCompile Include="BJ_10809.cpp">
      <Filter>소스 파일</Filter>
    </ClCompile>
    <ClCompile Include="BJ_10808.cpp">
      <Filter>소스 파일</Filter>
    </ClCompile>
    <ClCompile Include="2743.cpp">
      <Filter>소스 파일</Filter>
    </ClCompile>
    <ClCompile Include="BJ_2908.cpp">
      <Filter>소스 파일</Filter>
    </ClCompile>
    <ClCompile Include="BJ_1475.cpp">
      <Filter>소스 파일</Filter>
    </ClCompile>
    <ClCompile Include="BJ_2163.cpp">
      <Filter>소스 파일</Filter>
    </ClCompile>
    <ClCompile Include="BJ_9095.cpp">
      <Filter>소스 파일</Filter>
    </ClCompile>
    <ClCompile Include="BJ_1932.cpp">
      <Filter>소스 파일</Filter>
    </ClCompile>
    <ClCompile Include="BJ_1427.cpp">
      <Filter>소스 파일</Filter>
    </ClCompile>
    <ClCompile Include="BJ_3047.cpp">
      <Filter>소스 파일</Filter>
    </ClCompile>
    <ClCompile Include="BJ_2959.cpp">
      <Filter>소스 파일</Filter>
    </ClCompile>
    <ClCompile Include="BJ_11651.cpp">
      <Filter>소스 파일</Filter>
    </ClCompile>
    <ClCompile Include="BJ_11404.cpp">
      <Filter>소스 파일</Filter>
    </ClCompile>
    <ClCompile Include="Samsung_halin.cpp">
      <Filter>소스 파일</Filter>
    </ClCompile>
    <ClCompile Include="Samsung_partial_array.cpp">
      <Filter>소스 파일</Filter>
    </ClCompile>
    <ClCompile Include="Samsung_mirror2.cpp">
      <Filter>소스 파일</Filter>
    </ClCompile>
    <ClCompile Include="Samsung_easy_test_study.cpp">
      <Filter>소스 파일</Filter>
    </ClCompile>
    <ClCompile Include="Samsung_easy_selecting_number.cpp">
      <Filter>소스 파일</Filter>
    </ClCompile>
    <ClCompile Include="Samsung_easy_Programming_contest.cpp">
      <Filter>소스 파일</Filter>
    </ClCompile>
    <ClCompile Include="Samsung_easy_dart_game.cpp">
      <Filter>소스 파일</Filter>
    </ClCompile>
    <ClCompile Include="Samsung_easy_migung_room.cpp">
      <Filter>소스 파일</Filter>
    </ClCompile>
    <ClCompile Include="BJ_6603.cpp">
      <Filter>소스 파일</Filter>
    </ClCompile>
    <ClCompile Include="BJ_11724.cpp">
      <Filter>소스 파일</Filter>
    </ClCompile>
    <ClCompile Include="BJ_11403.cpp">
      <Filter>소스 파일</Filter>
    </ClCompile>
    <ClCompile Include="BJ_1260.cpp">
      <Filter>소스 파일</Filter>
    </ClCompile>
    <ClCompile Include="BJ_1476.cpp">
      <Filter>소스 파일</Filter>
    </ClCompile>
    <ClCompile Include="BJ_2644.cpp">
      <Filter>소스 파일</Filter>
    </ClCompile>
    <ClCompile Include="BJ_1389.cpp">
      <Filter>소스 파일</Filter>
    </ClCompile>
    <ClCompile Include="BJ_2309.cpp">
      <Filter>소스 파일</Filter>
    </ClCompile>
    <ClCompile Include="BJ_4493.cpp">
      <Filter>소스 파일</Filter>
    </ClCompile>
    <ClCompile Include="Samsung_nomal_sugang.cpp">
      <Filter>소스 파일</Filter>
    </ClCompile>
    <ClCompile Include="BJ_1568.cpp">
      <Filter>소스 파일</Filter>
    </ClCompile>
    <ClCompile Include="BJ_1026.cpp">
      <Filter>소스 파일</Filter>
    </ClCompile>
    <ClCompile Include="Algospot_festival.cpp">
      <Filter>소스 파일</Filter>
    </ClCompile>
    <ClCompile Include="algospot_picnic.cpp">
      <Filter>소스 파일</Filter>
    </ClCompile>
    <ClCompile Include="BJ_13698.cpp">
      <Filter>소스 파일</Filter>
    </ClCompile>
    <ClCompile Include="BJ_14488.cpp">
      <Filter>소스 파일</Filter>
    </ClCompile>
    <ClCompile Include="BJ_14490.cpp">
      <Filter>소스 파일</Filter>
    </ClCompile>
    <ClCompile Include="BJ_14491.cpp">
      <Filter>소스 파일</Filter>
    </ClCompile>
    <ClCompile Include="BJ_14492.cpp">
      <Filter>소스 파일</Filter>
    </ClCompile>
    <ClCompile Include="BJ_14494.cpp">
      <Filter>소스 파일</Filter>
    </ClCompile>
    <ClCompile Include="BJ_1977.cpp">
      <Filter>소스 파일</Filter>
    </ClCompile>
    <ClCompile Include="BJ_13699.cpp">
      <Filter>소스 파일</Filter>
    </ClCompile>
    <ClCompile Include="BJ_13701.cpp">
      <Filter>소스 파일</Filter>
    </ClCompile>
    <ClCompile Include="BJ_2607.cpp">
      <Filter>소스 파일</Filter>
    </ClCompile>
    <ClCompile Include="소스.cpp">
      <Filter>소스 파일</Filter>
    </ClCompile>
    <ClCompile Include="BJ_10989.cpp">
      <Filter>소스 파일</Filter>
    </ClCompile>
    <ClCompile Include="BJ_9426.cpp">
      <Filter>소스 파일</Filter>
    </ClCompile>
    <ClCompile Include="BJ_1463.cpp">
      <Filter>소스 파일</Filter>
    </ClCompile>
    <ClCompile Include="BJ_2605.cpp">
      <Filter>소스 파일</Filter>
    </ClCompile>
    <ClCompile Include="BJ_2606.cpp">
      <Filter>소스 파일</Filter>
    </ClCompile>
    <ClCompile Include="BJ_2579.cpp">
      <Filter>소스 파일</Filter>
    </ClCompile>
    <ClCompile Include="BJ_6359.cpp">
      <Filter>소스 파일</Filter>
    </ClCompile>
    <ClCompile Include="BJ_9084.cpp">
      <Filter>소스 파일</Filter>
    </ClCompile>
    <ClCompile Include="BJ_11727.cpp">
      <Filter>소스 파일</Filter>
    </ClCompile>
    <ClCompile Include="BJ_9550.cpp">
      <Filter>소스 파일</Filter>
    </ClCompile>
    <ClCompile Include="BJ_12756.cpp">
      <Filter>소스 파일</Filter>
    </ClCompile>
    <ClCompile Include="BJ_2608.cpp">
      <Filter>소스 파일</Filter>
    </ClCompile>
    <ClCompile Include="BJ_2609.cpp">
      <Filter>소스 파일</Filter>
    </ClCompile>
    <ClCompile Include="BJ_2610.cpp">
      <Filter>소스 파일</Filter>
    </ClCompile>
    <ClCompile Include="BJ_2845.cpp">
      <Filter>소스 파일</Filter>
    </ClCompile>
    <ClCompile Include="BJ_2589.cpp">
      <Filter>소스 파일</Filter>
    </ClCompile>
    <ClCompile Include="codeground_1.cpp">
      <Filter>소스 파일</Filter>
    </ClCompile>
    <ClCompile Include="codeground_2.cpp">
      <Filter>소스 파일</Filter>
    </ClCompile>
    <ClCompile Include="BJ_11052.cpp">
      <Filter>소스 파일</Filter>
    </ClCompile>
    <ClCompile Include="BJ_9465.cpp">
      <Filter>소스 파일</Filter>
    </ClCompile>
    <ClCompile Include="BJ_10708.cpp">
      <Filter>소스 파일</Filter>
    </ClCompile>
    <ClCompile Include="BJ_5554.cpp">
      <Filter>소스 파일</Filter>
    </ClCompile>
    <ClCompile Include="BJ_5543.cpp">
      <Filter>소스 파일</Filter>
    </ClCompile>
    <ClCompile Include="BJ_2667.cpp">
      <Filter>소스 파일</Filter>
    </ClCompile>
    <ClCompile Include="BJ_2563.cpp">
      <Filter>소스 파일</Filter>
    </ClCompile>
    <ClCompile Include="BJ_10886.cpp">
      <Filter>소스 파일</Filter>
    </ClCompile>
    <ClCompile Include="BJ_5585.cpp">
      <Filter>소스 파일</Filter>
    </ClCompile>
    <ClCompile Include="BJ_5532.cpp">
      <Filter>소스 파일</Filter>
    </ClCompile>
    <ClCompile Include="BJ_1159.cpp">
      <Filter>소스 파일</Filter>
    </ClCompile>
    <ClCompile Include="BJ_8979.cpp">
      <Filter>소스 파일</Filter>
    </ClCompile>
    <ClCompile Include="BJ_2960.cpp">
      <Filter>소스 파일</Filter>
    </ClCompile>
    <ClCompile Include="BJ_2839.cpp">
      <Filter>소스 파일</Filter>
    </ClCompile>
    <ClCompile Include="BJ_4948.cpp">
      <Filter>소스 파일</Filter>
    </ClCompile>
    <ClCompile Include="BJ_2231.cpp">
      <Filter>소스 파일</Filter>
    </ClCompile>
    <ClCompile Include="BJ_11057.cpp">
      <Filter>소스 파일</Filter>
    </ClCompile>
    <ClCompile Include="algospot_Jumpgame.cpp">
      <Filter>소스 파일</Filter>
    </ClCompile>
    <ClCompile Include="BJ_14612.cpp">
      <Filter>소스 파일</Filter>
    </ClCompile>
    <ClCompile Include="BJ_1008.cpp">
      <Filter>소스 파일</Filter>
    </ClCompile>
    <ClCompile Include="BJ_1002.cpp">
      <Filter>소스 파일</Filter>
    </ClCompile>
    <ClCompile Include="BJ_1009.cpp">
      <Filter>소스 파일</Filter>
    </ClCompile>
    <ClCompile Include="BJ_1012.cpp">
      <Filter>소스 파일</Filter>
    </ClCompile>
    <ClCompile Include="BJ_1065.cpp">
      <Filter>소스 파일</Filter>
    </ClCompile>
    <ClCompile Include="BJ_1032.cpp">
      <Filter>소스 파일</Filter>
    </ClCompile>
    <ClCompile Include="BJ_1037.cpp">
      <Filter>소스 파일</Filter>
    </ClCompile>
    <ClCompile Include="BJ_1076.cpp">
      <Filter>소스 파일</Filter>
    </ClCompile>
    <ClCompile Include="BJ_1074.cpp">
      <Filter>소스 파일</Filter>
    </ClCompile>
    <ClCompile Include="BJ_1075.cpp">
      <Filter>소스 파일</Filter>
    </ClCompile>
    <ClCompile Include="BJ_1057.cpp">
      <Filter>소스 파일</Filter>
    </ClCompile>
    <ClCompile Include="BJ_1015.cpp">
      <Filter>소스 파일</Filter>
    </ClCompile>
    <ClCompile Include="BJ_1021.cpp">
      <Filter>소스 파일</Filter>
    </ClCompile>
    <ClCompile Include="BJ_1051.cpp">
      <Filter>소스 파일</Filter>
    </ClCompile>
    <ClCompile Include="BJ_1018.cpp">
      <Filter>소스 파일</Filter>
    </ClCompile>
    <ClCompile Include="BJ_1019.cpp">
      <Filter>소스 파일</Filter>
    </ClCompile>
    <ClCompile Include="BJ_2921.cpp">
      <Filter>소스 파일</Filter>
    </ClCompile>
    <ClCompile Include="BJ_2965.cpp">
      <Filter>소스 파일</Filter>
    </ClCompile>
    <ClCompile Include="BJ_1904.cpp">
      <Filter>소스 파일</Filter>
    </ClCompile>
    <ClCompile Include="BJ_4504.cpp">
      <Filter>소스 파일</Filter>
    </ClCompile>
    <ClCompile Include="BJ_1964.cpp">
      <Filter>소스 파일</Filter>
    </ClCompile>
    <ClCompile Include="BJ_1919.cpp">
      <Filter>소스 파일</Filter>
    </ClCompile>
    <ClCompile Include="BJ_1940.cpp">
      <Filter>소스 파일</Filter>
    </ClCompile>
    <ClCompile Include="BJ_2153.cpp">
      <Filter>소스 파일</Filter>
    </ClCompile>
    <ClCompile Include="BJ_2903.cpp">
      <Filter>소스 파일</Filter>
    </ClCompile>
    <ClCompile Include="BJ_2863.cpp">
      <Filter>소스 파일</Filter>
    </ClCompile>
    <ClCompile Include="BJ_3076.cpp">
      <Filter>소스 파일</Filter>
    </ClCompile>
    <ClCompile Include="BJ_2997.cpp">
      <Filter>소스 파일</Filter>
    </ClCompile>
    <ClCompile Include="BJ_3041.cpp">
      <Filter>소스 파일</Filter>
    </ClCompile>
    <ClCompile Include="BJ_1316.cpp">
      <Filter>소스 파일</Filter>
    </ClCompile>
    <ClCompile Include="codeground_rmrekswjrdlstn.cpp">
      <Filter>소스 파일</Filter>
    </ClCompile>
    <ClCompile Include="codeground_kim.cpp">
      <Filter>소스 파일</Filter>
    </ClCompile>
    <ClCompile Include="codeground_taejun.cpp">
      <Filter>소스 파일</Filter>
    </ClCompile>
    <ClCompile Include="codeground_hello.cpp">
      <Filter>소스 파일</Filter>
    </ClCompile>
    <ClCompile Include="codeground_maximumsquare.cpp">
      <Filter>소스 파일</Filter>
    </ClCompile>
    <ClCompile Include="BJ_1485.cpp">
      <Filter>소스 파일</Filter>
    </ClCompile>
    <ClCompile Include="BJ_1912.cpp">
      <Filter>소스 파일</Filter>
    </ClCompile>
    <ClCompile Include="BJ_13702.cpp">
      <Filter>소스 파일</Filter>
    </ClCompile>
    <ClCompile Include="BJ_11722.cpp">
      <Filter>소스 파일</Filter>
    </ClCompile>
    <ClCompile Include="BJ_11053.cpp">
      <Filter>소스 파일</Filter>
    </ClCompile>
    <ClCompile Include="BJ_11399.cpp">
      <Filter>소스 파일</Filter>
    </ClCompile>
    <ClCompile Include="BJ_11047.cpp">
      <Filter>소스 파일</Filter>
    </ClCompile>
    <ClCompile Include="BJ_2217.cpp">
      <Filter>소스 파일</Filter>
    </ClCompile>
    <ClCompile Include="BJ_2875.cpp">
      <Filter>소스 파일</Filter>
    </ClCompile>
    <ClCompile Include="BJ_2438.cpp">
      <Filter>소스 파일</Filter>
    </ClCompile>
    <ClCompile Include="BJ_2443.cpp">
      <Filter>소스 파일</Filter>
    </ClCompile>
    <ClCompile Include="BJ_2178.cpp">
      <Filter>소스 파일</Filter>
    </ClCompile>
    <ClCompile Include="BJ_2750.cpp">
      <Filter>소스 파일</Filter>
    </ClCompile>
    <ClCompile Include="BJ_1152.cpp">
      <Filter>소스 파일</Filter>
    </ClCompile>
    <ClCompile Include="BJ_1920.cpp">
      <Filter>소스 파일</Filter>
    </ClCompile>
    <ClCompile Include="BJ_1010.cpp">
      <Filter>소스 파일</Filter>
    </ClCompile>
    <ClCompile Include="BJ_5338.cpp">
      <Filter>소스 파일</Filter>
    </ClCompile>
    <ClCompile Include="BJ_2293.cpp">
      <Filter>소스 파일</Filter>
    </ClCompile>
    <ClCompile Include="BJ_2562.cpp">
      <Filter>소스 파일</Filter>
    </ClCompile>
    <ClCompile Include="BJ_2156.cpp">
      <Filter>소스 파일</Filter>
    </ClCompile>
    <ClCompile Include="BJ_10950.cpp">
      <Filter>소스 파일</Filter>
    </ClCompile>
    <ClCompile Include="BJ_11726.cpp">
      <Filter>소스 파일</Filter>
    </ClCompile>
    <ClCompile Include="BJ_2953.cpp">
      <Filter>소스 파일</Filter>
    </ClCompile>
    <ClCompile Include="BJ_7567.cpp">
      <Filter>소스 파일</Filter>
    </ClCompile>
    <ClCompile Include="BJ_9653.cpp">
      <Filter>소스 파일</Filter>
    </ClCompile>
    <ClCompile Include="BJ_9085.cpp">
      <Filter>소스 파일</Filter>
    </ClCompile>
    <ClCompile Include="BJ_1212.cpp">
      <Filter>소스 파일</Filter>
    </ClCompile>
    <ClCompile Include="BJ_1004.cpp">
      <Filter>소스 파일</Filter>
    </ClCompile>
    <ClCompile Include="BJ_11021.cpp">
      <Filter>소스 파일</Filter>
    </ClCompile>
    <ClCompile Include="BJ_1697.cpp">
      <Filter>소스 파일</Filter>
    </ClCompile>
    <ClCompile Include="BJ_2460.cpp">
      <Filter>소스 파일</Filter>
    </ClCompile>
    <ClCompile Include="BJ_4999.cpp">
      <Filter>소스 파일</Filter>
    </ClCompile>
    <ClCompile Include="BJ_10171.cpp">
      <Filter>소스 파일</Filter>
    </ClCompile>
    <ClCompile Include="BJ_1546.cpp">
      <Filter>소스 파일</Filter>
    </ClCompile>
    <ClCompile Include="BJ_2506.cpp">
      <Filter>소스 파일</Filter>
    </ClCompile>
    <ClCompile Include="BJ_1193.cpp">
      <Filter>소스 파일</Filter>
    </ClCompile>
    <ClCompile Include="BJ_2566.cpp">
      <Filter>소스 파일</Filter>
    </ClCompile>
    <ClCompile Include="BJ_10844.cpp">
      <Filter>소스 파일</Filter>
    </ClCompile>
    <ClCompile Include="BJ_5337.cpp">
      <Filter>소스 파일</Filter>
    </ClCompile>
    <ClCompile Include="BJ_2294.cpp">
      <Filter>소스 파일</Filter>
    </ClCompile>
    <ClCompile Include="BJ_2133.cpp">
      <Filter>소스 파일</Filter>
    </ClCompile>
    <ClCompile Include="BJ_1520.cpp">
      <Filter>소스 파일</Filter>
    </ClCompile>
    <ClCompile Include="fibo.cpp">
      <Filter>소스 파일</Filter>
    </ClCompile>
    <ClCompile Include="BJ_7576.cpp">
      <Filter>소스 파일</Filter>
    </ClCompile>
    <ClCompile Include="BJ_11720.cpp">
      <Filter>소스 파일</Filter>
    </ClCompile>
    <ClCompile Include="BJ_1182.cpp">
      <Filter>소스 파일</Filter>
    </ClCompile>
    <ClCompile Include="BJ_2744.cpp">
      <Filter>소스 파일</Filter>
    </ClCompile>
    <ClCompile Include="BJ_10162.cpp">
      <Filter>소스 파일</Filter>
    </ClCompile>
    <ClCompile Include="BJ_2096.cpp">
      <Filter>소스 파일</Filter>
    </ClCompile>
    <ClCompile Include="BJ_4963.cpp">
      <Filter>소스 파일</Filter>
    </ClCompile>
    <ClCompile Include="BJ_1309.cpp">
      <Filter>소스 파일</Filter>
    </ClCompile>
    <ClCompile Include="BJ_9566.cpp">
      <Filter>소스 파일</Filter>
    </ClCompile>
    <ClCompile Include="BJ_10214.cpp">
      <Filter>소스 파일</Filter>
    </ClCompile>
    <ClCompile Include="BJ_1699.cpp">
      <Filter>소스 파일</Filter>
    </ClCompile>
    <ClCompile Include="BJ_2581.cpp">
      <Filter>소스 파일</Filter>
    </ClCompile>
    <ClCompile Include="BJ_10833.cpp">
      <Filter>소스 파일</Filter>
    </ClCompile>
    <ClCompile Include="BJ_1965.cpp">
      <Filter>소스 파일</Filter>
    </ClCompile>
    <ClCompile Include="BJ_2711.cpp">
      <Filter>소스 파일</Filter>
    </ClCompile>
    <ClCompile Include="BJ_2445.cpp">
      <Filter>소스 파일</Filter>
    </ClCompile>
    <ClCompile Include="BJ_1157.cpp">
      <Filter>소스 파일</Filter>
    </ClCompile>
    <ClCompile Include="BJ_2522.cpp">
      <Filter>소스 파일</Filter>
    </ClCompile>
    <ClCompile Include="BJ_1181.cpp">
      <Filter>소스 파일</Filter>
    </ClCompile>
    <ClCompile Include="BJ_2476.cpp">
      <Filter>소스 파일</Filter>
    </ClCompile>
    <ClCompile Include="BJ_3009.cpp">
      <Filter>소스 파일</Filter>
    </ClCompile>
    <ClCompile Include="BJ_10815.cpp">
      <Filter>소스 파일</Filter>
    </ClCompile>
    <ClCompile Include="BJ_2693.cpp">
      <Filter>소스 파일</Filter>
    </ClCompile>
    <ClCompile Include="BJ_11653.cpp">
      <Filter>소스 파일</Filter>
    </ClCompile>
    <ClCompile Include="BJ_1753.cpp">
      <Filter>소스 파일</Filter>
    </ClCompile>
    <ClCompile Include="BJ_10757.cpp">
      <Filter>소스 파일</Filter>
    </ClCompile>
    <ClCompile Include="BJ_1991.cpp">
      <Filter>소스 파일</Filter>
    </ClCompile>
    <ClCompile Include="BJ_2920.cpp">
      <Filter>소스 파일</Filter>
    </ClCompile>
    <ClCompile Include="BJ_1158.cpp">
      <Filter>소스 파일</Filter>
    </ClCompile>
    <ClCompile Include="BJ_2754.cpp">
      <Filter>소스 파일</Filter>
    </ClCompile>
    <ClCompile Include="BJ_1789.cpp">
      <Filter>소스 파일</Filter>
    </ClCompile>
    <ClCompile Include="BJ_5086.cpp">
      <Filter>소스 파일</Filter>
    </ClCompile>
    <ClCompile Include="BJ_10250.cpp">
      <Filter>소스 파일</Filter>
    </ClCompile>
    <ClCompile Include="BJ_9086.cpp">
      <Filter>소스 파일</Filter>
    </ClCompile>
    <ClCompile Include="BJ_3058.cpp">
      <Filter>소스 파일</Filter>
    </ClCompile>
    <ClCompile Include="BJ_1759.cpp">
      <Filter>소스 파일</Filter>
    </ClCompile>
    <ClCompile Include="BJ_10870.cpp">
      <Filter>소스 파일</Filter>
    </ClCompile>
    <ClCompile Include="BJ_10926.cpp">
      <Filter>소스 파일</Filter>
    </ClCompile>
    <ClCompile Include="BJ_1927.cpp">
      <Filter>소스 파일</Filter>
    </ClCompile>
    <ClCompile Include="BJ_1987.cpp">
      <Filter>소스 파일</Filter>
    </ClCompile>
    <ClCompile Include="studydy.cpp">
      <Filter>소스 파일</Filter>
    </ClCompile>
    <ClCompile Include="BJ_1916.cpp">
      <Filter>소스 파일</Filter>
    </ClCompile>
    <ClCompile Include="BJ_11055.cpp">
      <Filter>소스 파일</Filter>
    </ClCompile>
    <ClCompile Include="BJ_7568.cpp">
      <Filter>소스 파일</Filter>
    </ClCompile>
    <ClCompile Include="BJ_3040.cpp">
      <Filter>소스 파일</Filter>
    </ClCompile>
    <ClCompile Include="BJ_2805.cpp">
      <Filter>소스 파일</Filter>
    </ClCompile>
    <ClCompile Include="BJ_1913.cpp">
      <Filter>소스 파일</Filter>
    </ClCompile>
    <ClCompile Include="BJ_1922.cpp">
      <Filter>소스 파일</Filter>
    </ClCompile>
    <ClCompile Include="BJ_4673.cpp">
      <Filter>소스 파일</Filter>
    </ClCompile>
    <ClCompile Include="BJ_4344.cpp">
      <Filter>소스 파일</Filter>
    </ClCompile>
    <ClCompile Include="BJ_2292.cpp">
      <Filter>소스 파일</Filter>
    </ClCompile>
    <ClCompile Include="BJ_2583.cpp">
      <Filter>소스 파일</Filter>
    </ClCompile>
    <ClCompile Include="BJ_5622.cpp">
      <Filter>소스 파일</Filter>
    </ClCompile>
    <ClCompile Include="BJ_9325.cpp">
      <Filter>소스 파일</Filter>
    </ClCompile>
    <ClCompile Include="BJ_1780.cpp">
      <Filter>소스 파일</Filter>
    </ClCompile>
    <ClCompile Include="BJ_1963.cpp">
      <Filter>소스 파일</Filter>
    </ClCompile>
    <ClCompile Include="BJ_2775.cpp">
      <Filter>소스 파일</Filter>
    </ClCompile>
    <ClCompile Include="BJ_2631.cpp">
      <Filter>소스 파일</Filter>
    </ClCompile>
    <ClCompile Include="BJ_11728.cpp">
      <Filter>소스 파일</Filter>
    </ClCompile>
    <ClCompile Include="BJ_11656.cpp">
      <Filter>소스 파일</Filter>
    </ClCompile>
    <ClCompile Include="BJ_11943.cpp">
      <Filter>소스 파일</Filter>
    </ClCompile>
    <ClCompile Include="BJ_10868.cpp">
      <Filter>소스 파일</Filter>
    </ClCompile>
    <ClCompile Include="BJ_9076.cpp">
      <Filter>소스 파일</Filter>
    </ClCompile>
    <ClCompile Include="BJ_11655.cpp">
      <Filter>소스 파일</Filter>
    </ClCompile>
    <ClCompile Include="BJ_2408.cpp">
      <Filter>소스 파일</Filter>
    </ClCompile>
    <ClCompile Include="BJ_9251.cpp">
      <Filter>소스 파일</Filter>
    </ClCompile>
    <ClCompile Include="BJ_11050.cpp">
      <Filter>소스 파일</Filter>
    </ClCompile>
    <ClCompile Include="BJ_5522.cpp">
      <Filter>소스 파일</Filter>
    </ClCompile>
    <ClCompile Include="BJ_2669.cpp">
      <Filter>소스 파일</Filter>
    </ClCompile>
    <ClCompile Include="BJ_4458.cpp">
      <Filter>소스 파일</Filter>
    </ClCompile>
    <ClCompile Include="BJ_7572.cpp">
      <Filter>소스 파일</Filter>
    </ClCompile>
    <ClCompile Include="BJ_1453.cpp">
      <Filter>소스 파일</Filter>
    </ClCompile>
  </ItemGroup>
  <ItemGroup>
    <None Include="ClassDiagram.cd" />
  </ItemGroup>
</Project>